
Microsoft Visual Studio Solution File, Format Version 12.00
# Visual Studio 14
VisualStudioVersion = 14.0.25123.0
MinimumVisualStudioVersion = 10.0.40219.1
Project("{FAE04EC0-301F-11D3-BF4B-00C04F79EFBC}") = "MasterHamburger.Droid", "MasterHamburger\MasterHamburger.Droid\MasterHamburger.Droid.csproj", "{A5E7D9DB-88EF-4668-887F-109BE0008E3D}"
EndProject
Project("{FAE04EC0-301F-11D3-BF4B-00C04F79EFBC}") = "MasterHamburger.iOS", "MasterHamburger\MasterHamburger.iOS\MasterHamburger.iOS.csproj", "{B8F65513-96DD-4D12-BD40-2C34FE3F07DC}"
EndProject
Project("{FAE04EC0-301F-11D3-BF4B-00C04F79EFBC}") = "MasterHamburger.WinPhone", "MasterHamburger\MasterHamburger.WinPhone\MasterHamburger.WinPhone.csproj", "{6E0A2ED6-2FA1-418B-9F0A-8236AB4CAFF2}"
EndProject
Project("{FAE04EC0-301F-11D3-BF4B-00C04F79EFBC}") = "MasterHamburger.UWP", "MasterHamburger\MasterHamburger.UWP\MasterHamburger.UWP.csproj", "{2878FF38-6FB3-4115-8F0C-7B906A43A1C7}"
EndProject
Project("{FAE04EC0-301F-11D3-BF4B-00C04F79EFBC}") = "MasterHamburger.Windows", "MasterHamburger\MasterHamburger.Windows\MasterHamburger.Windows.csproj", "{7F9D2144-68F8-484C-B6BC-23F236819D0B}"
EndProject
Project("{FAE04EC0-301F-11D3-BF4B-00C04F79EFBC}") = "MasterHamburger", "MasterHamburger\MasterHamburger\MasterHamburger.csproj", "{C8B539A8-D58F-4C75-8195-4BF897825FEF}"
EndProject
Global
	GlobalSection(SolutionConfigurationPlatforms) = preSolution
		Ad-Hoc|Any CPU = Ad-Hoc|Any CPU
		Ad-Hoc|ARM = Ad-Hoc|ARM
		Ad-Hoc|iPhone = Ad-Hoc|iPhone
		Ad-Hoc|iPhoneSimulator = Ad-Hoc|iPhoneSimulator
		Ad-Hoc|x64 = Ad-Hoc|x64
		Ad-Hoc|x86 = Ad-Hoc|x86
		AppStore|Any CPU = AppStore|Any CPU
		AppStore|ARM = AppStore|ARM
		AppStore|iPhone = AppStore|iPhone
		AppStore|iPhoneSimulator = AppStore|iPhoneSimulator
		AppStore|x64 = AppStore|x64
		AppStore|x86 = AppStore|x86
		Debug|Any CPU = Debug|Any CPU
		Debug|ARM = Debug|ARM
		Debug|iPhone = Debug|iPhone
		Debug|iPhoneSimulator = Debug|iPhoneSimulator
		Debug|x64 = Debug|x64
		Debug|x86 = Debug|x86
		Release|Any CPU = Release|Any CPU
		Release|ARM = Release|ARM
		Release|iPhone = Release|iPhone
		Release|iPhoneSimulator = Release|iPhoneSimulator
		Release|x64 = Release|x64
		Release|x86 = Release|x86
	EndGlobalSection
	GlobalSection(ProjectConfigurationPlatforms) = postSolution
		{A5E7D9DB-88EF-4668-887F-109BE0008E3D}.Ad-Hoc|Any CPU.ActiveCfg = Release|Any CPU
		{A5E7D9DB-88EF-4668-887F-109BE0008E3D}.Ad-Hoc|Any CPU.Build.0 = Release|Any CPU
		{A5E7D9DB-88EF-4668-887F-109BE0008E3D}.Ad-Hoc|Any CPU.Deploy.0 = Release|Any CPU
		{A5E7D9DB-88EF-4668-887F-109BE0008E3D}.Ad-Hoc|ARM.ActiveCfg = Release|Any CPU
		{A5E7D9DB-88EF-4668-887F-109BE0008E3D}.Ad-Hoc|ARM.Build.0 = Release|Any CPU
		{A5E7D9DB-88EF-4668-887F-109BE0008E3D}.Ad-Hoc|ARM.Deploy.0 = Release|Any CPU
		{A5E7D9DB-88EF-4668-887F-109BE0008E3D}.Ad-Hoc|iPhone.ActiveCfg = Release|Any CPU
		{A5E7D9DB-88EF-4668-887F-109BE0008E3D}.Ad-Hoc|iPhone.Build.0 = Release|Any CPU
		{A5E7D9DB-88EF-4668-887F-109BE0008E3D}.Ad-Hoc|iPhone.Deploy.0 = Release|Any CPU
		{A5E7D9DB-88EF-4668-887F-109BE0008E3D}.Ad-Hoc|iPhoneSimulator.ActiveCfg = Release|Any CPU
		{A5E7D9DB-88EF-4668-887F-109BE0008E3D}.Ad-Hoc|iPhoneSimulator.Build.0 = Release|Any CPU
		{A5E7D9DB-88EF-4668-887F-109BE0008E3D}.Ad-Hoc|iPhoneSimulator.Deploy.0 = Release|Any CPU
		{A5E7D9DB-88EF-4668-887F-109BE0008E3D}.Ad-Hoc|x64.ActiveCfg = Release|Any CPU
		{A5E7D9DB-88EF-4668-887F-109BE0008E3D}.Ad-Hoc|x64.Build.0 = Release|Any CPU
		{A5E7D9DB-88EF-4668-887F-109BE0008E3D}.Ad-Hoc|x64.Deploy.0 = Release|Any CPU
		{A5E7D9DB-88EF-4668-887F-109BE0008E3D}.Ad-Hoc|x86.ActiveCfg = Release|Any CPU
		{A5E7D9DB-88EF-4668-887F-109BE0008E3D}.Ad-Hoc|x86.Build.0 = Release|Any CPU
		{A5E7D9DB-88EF-4668-887F-109BE0008E3D}.Ad-Hoc|x86.Deploy.0 = Release|Any CPU
		{A5E7D9DB-88EF-4668-887F-109BE0008E3D}.AppStore|Any CPU.ActiveCfg = Release|Any CPU
		{A5E7D9DB-88EF-4668-887F-109BE0008E3D}.AppStore|Any CPU.Build.0 = Release|Any CPU
		{A5E7D9DB-88EF-4668-887F-109BE0008E3D}.AppStore|Any CPU.Deploy.0 = Release|Any CPU
		{A5E7D9DB-88EF-4668-887F-109BE0008E3D}.AppStore|ARM.ActiveCfg = Release|Any CPU
		{A5E7D9DB-88EF-4668-887F-109BE0008E3D}.AppStore|ARM.Build.0 = Release|Any CPU
		{A5E7D9DB-88EF-4668-887F-109BE0008E3D}.AppStore|ARM.Deploy.0 = Release|Any CPU
		{A5E7D9DB-88EF-4668-887F-109BE0008E3D}.AppStore|iPhone.ActiveCfg = Release|Any CPU
		{A5E7D9DB-88EF-4668-887F-109BE0008E3D}.AppStore|iPhone.Build.0 = Release|Any CPU
		{A5E7D9DB-88EF-4668-887F-109BE0008E3D}.AppStore|iPhone.Deploy.0 = Release|Any CPU
		{A5E7D9DB-88EF-4668-887F-109BE0008E3D}.AppStore|iPhoneSimulator.ActiveCfg = Release|Any CPU
		{A5E7D9DB-88EF-4668-887F-109BE0008E3D}.AppStore|iPhoneSimulator.Build.0 = Release|Any CPU
		{A5E7D9DB-88EF-4668-887F-109BE0008E3D}.AppStore|iPhoneSimulator.Deploy.0 = Release|Any CPU
		{A5E7D9DB-88EF-4668-887F-109BE0008E3D}.AppStore|x64.ActiveCfg = Release|Any CPU
		{A5E7D9DB-88EF-4668-887F-109BE0008E3D}.AppStore|x64.Build.0 = Release|Any CPU
		{A5E7D9DB-88EF-4668-887F-109BE0008E3D}.AppStore|x64.Deploy.0 = Release|Any CPU
		{A5E7D9DB-88EF-4668-887F-109BE0008E3D}.AppStore|x86.ActiveCfg = Release|Any CPU
		{A5E7D9DB-88EF-4668-887F-109BE0008E3D}.AppStore|x86.Build.0 = Release|Any CPU
		{A5E7D9DB-88EF-4668-887F-109BE0008E3D}.AppStore|x86.Deploy.0 = Release|Any CPU
		{A5E7D9DB-88EF-4668-887F-109BE0008E3D}.Debug|Any CPU.ActiveCfg = Debug|Any CPU
		{A5E7D9DB-88EF-4668-887F-109BE0008E3D}.Debug|Any CPU.Build.0 = Debug|Any CPU
		{A5E7D9DB-88EF-4668-887F-109BE0008E3D}.Debug|Any CPU.Deploy.0 = Debug|Any CPU
		{A5E7D9DB-88EF-4668-887F-109BE0008E3D}.Debug|ARM.ActiveCfg = Debug|Any CPU
		{A5E7D9DB-88EF-4668-887F-109BE0008E3D}.Debug|ARM.Build.0 = Debug|Any CPU
		{A5E7D9DB-88EF-4668-887F-109BE0008E3D}.Debug|ARM.Deploy.0 = Debug|Any CPU
		{A5E7D9DB-88EF-4668-887F-109BE0008E3D}.Debug|iPhone.ActiveCfg = Debug|Any CPU
		{A5E7D9DB-88EF-4668-887F-109BE0008E3D}.Debug|iPhone.Build.0 = Debug|Any CPU
		{A5E7D9DB-88EF-4668-887F-109BE0008E3D}.Debug|iPhone.Deploy.0 = Debug|Any CPU
		{A5E7D9DB-88EF-4668-887F-109BE0008E3D}.Debug|iPhoneSimulator.ActiveCfg = Debug|Any CPU
		{A5E7D9DB-88EF-4668-887F-109BE0008E3D}.Debug|iPhoneSimulator.Build.0 = Debug|Any CPU
		{A5E7D9DB-88EF-4668-887F-109BE0008E3D}.Debug|iPhoneSimulator.Deploy.0 = Debug|Any CPU
		{A5E7D9DB-88EF-4668-887F-109BE0008E3D}.Debug|x64.ActiveCfg = Debug|Any CPU
		{A5E7D9DB-88EF-4668-887F-109BE0008E3D}.Debug|x64.Build.0 = Debug|Any CPU
		{A5E7D9DB-88EF-4668-887F-109BE0008E3D}.Debug|x64.Deploy.0 = Debug|Any CPU
		{A5E7D9DB-88EF-4668-887F-109BE0008E3D}.Debug|x86.ActiveCfg = Debug|Any CPU
		{A5E7D9DB-88EF-4668-887F-109BE0008E3D}.Debug|x86.Build.0 = Debug|Any CPU
		{A5E7D9DB-88EF-4668-887F-109BE0008E3D}.Debug|x86.Deploy.0 = Debug|Any CPU
		{A5E7D9DB-88EF-4668-887F-109BE0008E3D}.Release|Any CPU.ActiveCfg = Release|Any CPU
		{A5E7D9DB-88EF-4668-887F-109BE0008E3D}.Release|Any CPU.Build.0 = Release|Any CPU
		{A5E7D9DB-88EF-4668-887F-109BE0008E3D}.Release|Any CPU.Deploy.0 = Release|Any CPU
		{A5E7D9DB-88EF-4668-887F-109BE0008E3D}.Release|ARM.ActiveCfg = Release|Any CPU
		{A5E7D9DB-88EF-4668-887F-109BE0008E3D}.Release|ARM.Build.0 = Release|Any CPU
		{A5E7D9DB-88EF-4668-887F-109BE0008E3D}.Release|ARM.Deploy.0 = Release|Any CPU
		{A5E7D9DB-88EF-4668-887F-109BE0008E3D}.Release|iPhone.ActiveCfg = Release|Any CPU
		{A5E7D9DB-88EF-4668-887F-109BE0008E3D}.Release|iPhone.Build.0 = Release|Any CPU
		{A5E7D9DB-88EF-4668-887F-109BE0008E3D}.Release|iPhone.Deploy.0 = Release|Any CPU
		{A5E7D9DB-88EF-4668-887F-109BE0008E3D}.Release|iPhoneSimulator.ActiveCfg = Release|Any CPU
		{A5E7D9DB-88EF-4668-887F-109BE0008E3D}.Release|iPhoneSimulator.Build.0 = Release|Any CPU
		{A5E7D9DB-88EF-4668-887F-109BE0008E3D}.Release|iPhoneSimulator.Deploy.0 = Release|Any CPU
		{A5E7D9DB-88EF-4668-887F-109BE0008E3D}.Release|x64.ActiveCfg = Release|Any CPU
		{A5E7D9DB-88EF-4668-887F-109BE0008E3D}.Release|x64.Build.0 = Release|Any CPU
		{A5E7D9DB-88EF-4668-887F-109BE0008E3D}.Release|x64.Deploy.0 = Release|Any CPU
		{A5E7D9DB-88EF-4668-887F-109BE0008E3D}.Release|x86.ActiveCfg = Release|Any CPU
		{A5E7D9DB-88EF-4668-887F-109BE0008E3D}.Release|x86.Build.0 = Release|Any CPU
		{A5E7D9DB-88EF-4668-887F-109BE0008E3D}.Release|x86.Deploy.0 = Release|Any CPU
		{B8F65513-96DD-4D12-BD40-2C34FE3F07DC}.Ad-Hoc|Any CPU.ActiveCfg = Ad-Hoc|iPhone
		{B8F65513-96DD-4D12-BD40-2C34FE3F07DC}.Ad-Hoc|ARM.ActiveCfg = Ad-Hoc|iPhone
		{B8F65513-96DD-4D12-BD40-2C34FE3F07DC}.Ad-Hoc|iPhone.ActiveCfg = Ad-Hoc|iPhone
		{B8F65513-96DD-4D12-BD40-2C34FE3F07DC}.Ad-Hoc|iPhone.Build.0 = Ad-Hoc|iPhone
		{B8F65513-96DD-4D12-BD40-2C34FE3F07DC}.Ad-Hoc|iPhoneSimulator.ActiveCfg = Ad-Hoc|iPhoneSimulator
		{B8F65513-96DD-4D12-BD40-2C34FE3F07DC}.Ad-Hoc|iPhoneSimulator.Build.0 = Ad-Hoc|iPhoneSimulator
		{B8F65513-96DD-4D12-BD40-2C34FE3F07DC}.Ad-Hoc|x64.ActiveCfg = Ad-Hoc|iPhone
		{B8F65513-96DD-4D12-BD40-2C34FE3F07DC}.Ad-Hoc|x86.ActiveCfg = Ad-Hoc|iPhone
		{B8F65513-96DD-4D12-BD40-2C34FE3F07DC}.AppStore|Any CPU.ActiveCfg = AppStore|iPhone
		{B8F65513-96DD-4D12-BD40-2C34FE3F07DC}.AppStore|ARM.ActiveCfg = AppStore|iPhone
		{B8F65513-96DD-4D12-BD40-2C34FE3F07DC}.AppStore|iPhone.ActiveCfg = AppStore|iPhone
		{B8F65513-96DD-4D12-BD40-2C34FE3F07DC}.AppStore|iPhone.Build.0 = AppStore|iPhone
		{B8F65513-96DD-4D12-BD40-2C34FE3F07DC}.AppStore|iPhoneSimulator.ActiveCfg = AppStore|iPhoneSimulator
		{B8F65513-96DD-4D12-BD40-2C34FE3F07DC}.AppStore|iPhoneSimulator.Build.0 = AppStore|iPhoneSimulator
		{B8F65513-96DD-4D12-BD40-2C34FE3F07DC}.AppStore|x64.ActiveCfg = AppStore|iPhone
		{B8F65513-96DD-4D12-BD40-2C34FE3F07DC}.AppStore|x86.ActiveCfg = AppStore|iPhone
		{B8F65513-96DD-4D12-BD40-2C34FE3F07DC}.Debug|Any CPU.ActiveCfg = Debug|iPhone
		{B8F65513-96DD-4D12-BD40-2C34FE3F07DC}.Debug|ARM.ActiveCfg = Debug|iPhone
		{B8F65513-96DD-4D12-BD40-2C34FE3F07DC}.Debug|iPhone.ActiveCfg = Debug|iPhone
		{B8F65513-96DD-4D12-BD40-2C34FE3F07DC}.Debug|iPhone.Build.0 = Debug|iPhone
		{B8F65513-96DD-4D12-BD40-2C34FE3F07DC}.Debug|iPhoneSimulator.ActiveCfg = Debug|iPhoneSimulator
		{B8F65513-96DD-4D12-BD40-2C34FE3F07DC}.Debug|iPhoneSimulator.Build.0 = Debug|iPhoneSimulator
		{B8F65513-96DD-4D12-BD40-2C34FE3F07DC}.Debug|x64.ActiveCfg = Debug|iPhone
		{B8F65513-96DD-4D12-BD40-2C34FE3F07DC}.Debug|x86.ActiveCfg = Debug|iPhone
		{B8F65513-96DD-4D12-BD40-2C34FE3F07DC}.Release|Any CPU.ActiveCfg = Release|iPhone
		{B8F65513-96DD-4D12-BD40-2C34FE3F07DC}.Release|ARM.ActiveCfg = Release|iPhone
		{B8F65513-96DD-4D12-BD40-2C34FE3F07DC}.Release|iPhone.ActiveCfg = Release|iPhone
		{B8F65513-96DD-4D12-BD40-2C34FE3F07DC}.Release|iPhone.Build.0 = Release|iPhone
		{B8F65513-96DD-4D12-BD40-2C34FE3F07DC}.Release|iPhoneSimulator.ActiveCfg = Release|iPhoneSimulator
		{B8F65513-96DD-4D12-BD40-2C34FE3F07DC}.Release|iPhoneSimulator.Build.0 = Release|iPhoneSimulator
		{B8F65513-96DD-4D12-BD40-2C34FE3F07DC}.Release|x64.ActiveCfg = Release|iPhone
		{B8F65513-96DD-4D12-BD40-2C34FE3F07DC}.Release|x86.ActiveCfg = Release|iPhone
		{6E0A2ED6-2FA1-418B-9F0A-8236AB4CAFF2}.Ad-Hoc|Any CPU.ActiveCfg = Release|Any CPU
		{6E0A2ED6-2FA1-418B-9F0A-8236AB4CAFF2}.Ad-Hoc|Any CPU.Build.0 = Release|Any CPU
		{6E0A2ED6-2FA1-418B-9F0A-8236AB4CAFF2}.Ad-Hoc|Any CPU.Deploy.0 = Release|Any CPU
		{6E0A2ED6-2FA1-418B-9F0A-8236AB4CAFF2}.Ad-Hoc|ARM.ActiveCfg = Release|ARM
		{6E0A2ED6-2FA1-418B-9F0A-8236AB4CAFF2}.Ad-Hoc|ARM.Build.0 = Release|ARM
		{6E0A2ED6-2FA1-418B-9F0A-8236AB4CAFF2}.Ad-Hoc|ARM.Deploy.0 = Release|ARM
		{6E0A2ED6-2FA1-418B-9F0A-8236AB4CAFF2}.Ad-Hoc|iPhone.ActiveCfg = Release|Any CPU
		{6E0A2ED6-2FA1-418B-9F0A-8236AB4CAFF2}.Ad-Hoc|iPhone.Build.0 = Release|Any CPU
		{6E0A2ED6-2FA1-418B-9F0A-8236AB4CAFF2}.Ad-Hoc|iPhone.Deploy.0 = Release|Any CPU
		{6E0A2ED6-2FA1-418B-9F0A-8236AB4CAFF2}.Ad-Hoc|iPhoneSimulator.ActiveCfg = Release|Any CPU
		{6E0A2ED6-2FA1-418B-9F0A-8236AB4CAFF2}.Ad-Hoc|iPhoneSimulator.Build.0 = Release|Any CPU
		{6E0A2ED6-2FA1-418B-9F0A-8236AB4CAFF2}.Ad-Hoc|iPhoneSimulator.Deploy.0 = Release|Any CPU
		{6E0A2ED6-2FA1-418B-9F0A-8236AB4CAFF2}.Ad-Hoc|x64.ActiveCfg = Release|Any CPU
		{6E0A2ED6-2FA1-418B-9F0A-8236AB4CAFF2}.Ad-Hoc|x64.Build.0 = Release|Any CPU
		{6E0A2ED6-2FA1-418B-9F0A-8236AB4CAFF2}.Ad-Hoc|x64.Deploy.0 = Release|Any CPU
		{6E0A2ED6-2FA1-418B-9F0A-8236AB4CAFF2}.Ad-Hoc|x86.ActiveCfg = Release|x86
		{6E0A2ED6-2FA1-418B-9F0A-8236AB4CAFF2}.Ad-Hoc|x86.Build.0 = Release|x86
		{6E0A2ED6-2FA1-418B-9F0A-8236AB4CAFF2}.Ad-Hoc|x86.Deploy.0 = Release|x86
		{6E0A2ED6-2FA1-418B-9F0A-8236AB4CAFF2}.AppStore|Any CPU.ActiveCfg = Release|Any CPU
		{6E0A2ED6-2FA1-418B-9F0A-8236AB4CAFF2}.AppStore|Any CPU.Build.0 = Release|Any CPU
		{6E0A2ED6-2FA1-418B-9F0A-8236AB4CAFF2}.AppStore|Any CPU.Deploy.0 = Release|Any CPU
		{6E0A2ED6-2FA1-418B-9F0A-8236AB4CAFF2}.AppStore|ARM.ActiveCfg = Release|ARM
		{6E0A2ED6-2FA1-418B-9F0A-8236AB4CAFF2}.AppStore|ARM.Build.0 = Release|ARM
		{6E0A2ED6-2FA1-418B-9F0A-8236AB4CAFF2}.AppStore|ARM.Deploy.0 = Release|ARM
		{6E0A2ED6-2FA1-418B-9F0A-8236AB4CAFF2}.AppStore|iPhone.ActiveCfg = Release|Any CPU
		{6E0A2ED6-2FA1-418B-9F0A-8236AB4CAFF2}.AppStore|iPhone.Build.0 = Release|Any CPU
		{6E0A2ED6-2FA1-418B-9F0A-8236AB4CAFF2}.AppStore|iPhone.Deploy.0 = Release|Any CPU
		{6E0A2ED6-2FA1-418B-9F0A-8236AB4CAFF2}.AppStore|iPhoneSimulator.ActiveCfg = Release|Any CPU
		{6E0A2ED6-2FA1-418B-9F0A-8236AB4CAFF2}.AppStore|iPhoneSimulator.Build.0 = Release|Any CPU
		{6E0A2ED6-2FA1-418B-9F0A-8236AB4CAFF2}.AppStore|iPhoneSimulator.Deploy.0 = Release|Any CPU
		{6E0A2ED6-2FA1-418B-9F0A-8236AB4CAFF2}.AppStore|x64.ActiveCfg = Release|Any CPU
		{6E0A2ED6-2FA1-418B-9F0A-8236AB4CAFF2}.AppStore|x64.Build.0 = Release|Any CPU
		{6E0A2ED6-2FA1-418B-9F0A-8236AB4CAFF2}.AppStore|x64.Deploy.0 = Release|Any CPU
		{6E0A2ED6-2FA1-418B-9F0A-8236AB4CAFF2}.AppStore|x86.ActiveCfg = Release|x86
		{6E0A2ED6-2FA1-418B-9F0A-8236AB4CAFF2}.AppStore|x86.Build.0 = Release|x86
		{6E0A2ED6-2FA1-418B-9F0A-8236AB4CAFF2}.AppStore|x86.Deploy.0 = Release|x86
		{6E0A2ED6-2FA1-418B-9F0A-8236AB4CAFF2}.Debug|Any CPU.ActiveCfg = Debug|Any CPU
		{6E0A2ED6-2FA1-418B-9F0A-8236AB4CAFF2}.Debug|Any CPU.Build.0 = Debug|Any CPU
		{6E0A2ED6-2FA1-418B-9F0A-8236AB4CAFF2}.Debug|Any CPU.Deploy.0 = Debug|Any CPU
		{6E0A2ED6-2FA1-418B-9F0A-8236AB4CAFF2}.Debug|ARM.ActiveCfg = Debug|ARM
		{6E0A2ED6-2FA1-418B-9F0A-8236AB4CAFF2}.Debug|ARM.Build.0 = Debug|ARM
		{6E0A2ED6-2FA1-418B-9F0A-8236AB4CAFF2}.Debug|ARM.Deploy.0 = Debug|ARM
		{6E0A2ED6-2FA1-418B-9F0A-8236AB4CAFF2}.Debug|iPhone.ActiveCfg = Debug|Any CPU
		{6E0A2ED6-2FA1-418B-9F0A-8236AB4CAFF2}.Debug|iPhone.Build.0 = Debug|Any CPU
		{6E0A2ED6-2FA1-418B-9F0A-8236AB4CAFF2}.Debug|iPhone.Deploy.0 = Debug|Any CPU
		{6E0A2ED6-2FA1-418B-9F0A-8236AB4CAFF2}.Debug|iPhoneSimulator.ActiveCfg = Debug|Any CPU
		{6E0A2ED6-2FA1-418B-9F0A-8236AB4CAFF2}.Debug|iPhoneSimulator.Build.0 = Debug|Any CPU
		{6E0A2ED6-2FA1-418B-9F0A-8236AB4CAFF2}.Debug|iPhoneSimulator.Deploy.0 = Debug|Any CPU
		{6E0A2ED6-2FA1-418B-9F0A-8236AB4CAFF2}.Debug|x64.ActiveCfg = Debug|Any CPU
		{6E0A2ED6-2FA1-418B-9F0A-8236AB4CAFF2}.Debug|x64.Build.0 = Debug|Any CPU
		{6E0A2ED6-2FA1-418B-9F0A-8236AB4CAFF2}.Debug|x64.Deploy.0 = Debug|Any CPU
		{6E0A2ED6-2FA1-418B-9F0A-8236AB4CAFF2}.Debug|x86.ActiveCfg = Debug|x86
		{6E0A2ED6-2FA1-418B-9F0A-8236AB4CAFF2}.Debug|x86.Build.0 = Debug|x86
		{6E0A2ED6-2FA1-418B-9F0A-8236AB4CAFF2}.Debug|x86.Deploy.0 = Debug|x86
		{6E0A2ED6-2FA1-418B-9F0A-8236AB4CAFF2}.Release|Any CPU.ActiveCfg = Release|Any CPU
		{6E0A2ED6-2FA1-418B-9F0A-8236AB4CAFF2}.Release|Any CPU.Build.0 = Release|Any CPU
		{6E0A2ED6-2FA1-418B-9F0A-8236AB4CAFF2}.Release|Any CPU.Deploy.0 = Release|Any CPU
		{6E0A2ED6-2FA1-418B-9F0A-8236AB4CAFF2}.Release|ARM.ActiveCfg = Release|ARM
		{6E0A2ED6-2FA1-418B-9F0A-8236AB4CAFF2}.Release|ARM.Build.0 = Release|ARM
		{6E0A2ED6-2FA1-418B-9F0A-8236AB4CAFF2}.Release|ARM.Deploy.0 = Release|ARM
		{6E0A2ED6-2FA1-418B-9F0A-8236AB4CAFF2}.Release|iPhone.ActiveCfg = Release|Any CPU
		{6E0A2ED6-2FA1-418B-9F0A-8236AB4CAFF2}.Release|iPhone.Build.0 = Release|Any CPU
		{6E0A2ED6-2FA1-418B-9F0A-8236AB4CAFF2}.Release|iPhone.Deploy.0 = Release|Any CPU
		{6E0A2ED6-2FA1-418B-9F0A-8236AB4CAFF2}.Release|iPhoneSimulator.ActiveCfg = Release|Any CPU
		{6E0A2ED6-2FA1-418B-9F0A-8236AB4CAFF2}.Release|iPhoneSimulator.Build.0 = Release|Any CPU
		{6E0A2ED6-2FA1-418B-9F0A-8236AB4CAFF2}.Release|iPhoneSimulator.Deploy.0 = Release|Any CPU
		{6E0A2ED6-2FA1-418B-9F0A-8236AB4CAFF2}.Release|x64.ActiveCfg = Release|Any CPU
		{6E0A2ED6-2FA1-418B-9F0A-8236AB4CAFF2}.Release|x64.Build.0 = Release|Any CPU
		{6E0A2ED6-2FA1-418B-9F0A-8236AB4CAFF2}.Release|x64.Deploy.0 = Release|Any CPU
		{6E0A2ED6-2FA1-418B-9F0A-8236AB4CAFF2}.Release|x86.ActiveCfg = Release|x86
		{6E0A2ED6-2FA1-418B-9F0A-8236AB4CAFF2}.Release|x86.Build.0 = Release|x86
		{6E0A2ED6-2FA1-418B-9F0A-8236AB4CAFF2}.Release|x86.Deploy.0 = Release|x86
		{2878FF38-6FB3-4115-8F0C-7B906A43A1C7}.Ad-Hoc|Any CPU.ActiveCfg = Release|x86
		{2878FF38-6FB3-4115-8F0C-7B906A43A1C7}.Ad-Hoc|Any CPU.Build.0 = Release|x86
		{2878FF38-6FB3-4115-8F0C-7B906A43A1C7}.Ad-Hoc|Any CPU.Deploy.0 = Release|x86
		{2878FF38-6FB3-4115-8F0C-7B906A43A1C7}.Ad-Hoc|ARM.ActiveCfg = Release|ARM
		{2878FF38-6FB3-4115-8F0C-7B906A43A1C7}.Ad-Hoc|ARM.Build.0 = Release|ARM
		{2878FF38-6FB3-4115-8F0C-7B906A43A1C7}.Ad-Hoc|ARM.Deploy.0 = Release|ARM
		{2878FF38-6FB3-4115-8F0C-7B906A43A1C7}.Ad-Hoc|iPhone.ActiveCfg = Release|x86
		{2878FF38-6FB3-4115-8F0C-7B906A43A1C7}.Ad-Hoc|iPhone.Build.0 = Release|x86
		{2878FF38-6FB3-4115-8F0C-7B906A43A1C7}.Ad-Hoc|iPhone.Deploy.0 = Release|x86
		{2878FF38-6FB3-4115-8F0C-7B906A43A1C7}.Ad-Hoc|iPhoneSimulator.ActiveCfg = Release|x86
		{2878FF38-6FB3-4115-8F0C-7B906A43A1C7}.Ad-Hoc|iPhoneSimulator.Build.0 = Release|x86
		{2878FF38-6FB3-4115-8F0C-7B906A43A1C7}.Ad-Hoc|iPhoneSimulator.Deploy.0 = Release|x86
		{2878FF38-6FB3-4115-8F0C-7B906A43A1C7}.Ad-Hoc|x64.ActiveCfg = Release|x64
		{2878FF38-6FB3-4115-8F0C-7B906A43A1C7}.Ad-Hoc|x64.Build.0 = Release|x64
		{2878FF38-6FB3-4115-8F0C-7B906A43A1C7}.Ad-Hoc|x64.Deploy.0 = Release|x64
		{2878FF38-6FB3-4115-8F0C-7B906A43A1C7}.Ad-Hoc|x86.ActiveCfg = Release|x86
		{2878FF38-6FB3-4115-8F0C-7B906A43A1C7}.Ad-Hoc|x86.Build.0 = Release|x86
		{2878FF38-6FB3-4115-8F0C-7B906A43A1C7}.Ad-Hoc|x86.Deploy.0 = Release|x86
		{2878FF38-6FB3-4115-8F0C-7B906A43A1C7}.AppStore|Any CPU.ActiveCfg = Release|x86
		{2878FF38-6FB3-4115-8F0C-7B906A43A1C7}.AppStore|Any CPU.Build.0 = Release|x86
		{2878FF38-6FB3-4115-8F0C-7B906A43A1C7}.AppStore|Any CPU.Deploy.0 = Release|x86
		{2878FF38-6FB3-4115-8F0C-7B906A43A1C7}.AppStore|ARM.ActiveCfg = Release|ARM
		{2878FF38-6FB3-4115-8F0C-7B906A43A1C7}.AppStore|ARM.Build.0 = Release|ARM
		{2878FF38-6FB3-4115-8F0C-7B906A43A1C7}.AppStore|ARM.Deploy.0 = Release|ARM
		{2878FF38-6FB3-4115-8F0C-7B906A43A1C7}.AppStore|iPhone.ActiveCfg = Release|x86
		{2878FF38-6FB3-4115-8F0C-7B906A43A1C7}.AppStore|iPhone.Build.0 = Release|x86
		{2878FF38-6FB3-4115-8F0C-7B906A43A1C7}.AppStore|iPhone.Deploy.0 = Release|x86
		{2878FF38-6FB3-4115-8F0C-7B906A43A1C7}.AppStore|iPhoneSimulator.ActiveCfg = Release|x86
		{2878FF38-6FB3-4115-8F0C-7B906A43A1C7}.AppStore|iPhoneSimulator.Build.0 = Release|x86
		{2878FF38-6FB3-4115-8F0C-7B906A43A1C7}.AppStore|iPhoneSimulator.Deploy.0 = Release|x86
		{2878FF38-6FB3-4115-8F0C-7B906A43A1C7}.AppStore|x64.ActiveCfg = Release|x64
		{2878FF38-6FB3-4115-8F0C-7B906A43A1C7}.AppStore|x64.Build.0 = Release|x64
		{2878FF38-6FB3-4115-8F0C-7B906A43A1C7}.AppStore|x64.Deploy.0 = Release|x64
		{2878FF38-6FB3-4115-8F0C-7B906A43A1C7}.AppStore|x86.ActiveCfg = Release|x86
		{2878FF38-6FB3-4115-8F0C-7B906A43A1C7}.AppStore|x86.Build.0 = Release|x86
		{2878FF38-6FB3-4115-8F0C-7B906A43A1C7}.AppStore|x86.Deploy.0 = Release|x86
		{2878FF38-6FB3-4115-8F0C-7B906A43A1C7}.Debug|Any CPU.ActiveCfg = Debug|x86
		{2878FF38-6FB3-4115-8F0C-7B906A43A1C7}.Debug|Any CPU.Build.0 = Debug|x86
		{2878FF38-6FB3-4115-8F0C-7B906A43A1C7}.Debug|Any CPU.Deploy.0 = Debug|x86
		{2878FF38-6FB3-4115-8F0C-7B906A43A1C7}.Debug|ARM.ActiveCfg = Debug|ARM
		{2878FF38-6FB3-4115-8F0C-7B906A43A1C7}.Debug|ARM.Build.0 = Debug|ARM
		{2878FF38-6FB3-4115-8F0C-7B906A43A1C7}.Debug|ARM.Deploy.0 = Debug|ARM
		{2878FF38-6FB3-4115-8F0C-7B906A43A1C7}.Debug|iPhone.ActiveCfg = Debug|x86
		{2878FF38-6FB3-4115-8F0C-7B906A43A1C7}.Debug|iPhoneSimulator.ActiveCfg = Debug|x86
		{2878FF38-6FB3-4115-8F0C-7B906A43A1C7}.Debug|x64.ActiveCfg = Debug|x64
		{2878FF38-6FB3-4115-8F0C-7B906A43A1C7}.Debug|x64.Build.0 = Debug|x64
		{2878FF38-6FB3-4115-8F0C-7B906A43A1C7}.Debug|x64.Deploy.0 = Debug|x64
		{2878FF38-6FB3-4115-8F0C-7B906A43A1C7}.Debug|x86.ActiveCfg = Debug|x86
		{2878FF38-6FB3-4115-8F0C-7B906A43A1C7}.Debug|x86.Build.0 = Debug|x86
		{2878FF38-6FB3-4115-8F0C-7B906A43A1C7}.Debug|x86.Deploy.0 = Debug|x86
		{2878FF38-6FB3-4115-8F0C-7B906A43A1C7}.Release|Any CPU.ActiveCfg = Release|x86
		{2878FF38-6FB3-4115-8F0C-7B906A43A1C7}.Release|ARM.ActiveCfg = Release|ARM
		{2878FF38-6FB3-4115-8F0C-7B906A43A1C7}.Release|ARM.Build.0 = Release|ARM
		{2878FF38-6FB3-4115-8F0C-7B906A43A1C7}.Release|ARM.Deploy.0 = Release|ARM
		{2878FF38-6FB3-4115-8F0C-7B906A43A1C7}.Release|iPhone.ActiveCfg = Release|x86
		{2878FF38-6FB3-4115-8F0C-7B906A43A1C7}.Release|iPhoneSimulator.ActiveCfg = Release|x86
		{2878FF38-6FB3-4115-8F0C-7B906A43A1C7}.Release|x64.ActiveCfg = Release|x64
		{2878FF38-6FB3-4115-8F0C-7B906A43A1C7}.Release|x64.Build.0 = Release|x64
		{2878FF38-6FB3-4115-8F0C-7B906A43A1C7}.Release|x64.Deploy.0 = Release|x64
		{2878FF38-6FB3-4115-8F0C-7B906A43A1C7}.Release|x86.ActiveCfg = Release|x86
		{2878FF38-6FB3-4115-8F0C-7B906A43A1C7}.Release|x86.Build.0 = Release|x86
		{2878FF38-6FB3-4115-8F0C-7B906A43A1C7}.Release|x86.Deploy.0 = Release|x86
		{7F9D2144-68F8-484C-B6BC-23F236819D0B}.Ad-Hoc|Any CPU.ActiveCfg = Release|Any CPU
		{7F9D2144-68F8-484C-B6BC-23F236819D0B}.Ad-Hoc|Any CPU.Build.0 = Release|Any CPU
		{7F9D2144-68F8-484C-B6BC-23F236819D0B}.Ad-Hoc|Any CPU.Deploy.0 = Release|Any CPU
		{7F9D2144-68F8-484C-B6BC-23F236819D0B}.Ad-Hoc|ARM.ActiveCfg = Release|ARM
		{7F9D2144-68F8-484C-B6BC-23F236819D0B}.Ad-Hoc|ARM.Build.0 = Release|ARM
		{7F9D2144-68F8-484C-B6BC-23F236819D0B}.Ad-Hoc|ARM.Deploy.0 = Release|ARM
		{7F9D2144-68F8-484C-B6BC-23F236819D0B}.Ad-Hoc|iPhone.ActiveCfg = Release|Any CPU
		{7F9D2144-68F8-484C-B6BC-23F236819D0B}.Ad-Hoc|iPhone.Build.0 = Release|Any CPU
		{7F9D2144-68F8-484C-B6BC-23F236819D0B}.Ad-Hoc|iPhone.Deploy.0 = Release|Any CPU
		{7F9D2144-68F8-484C-B6BC-23F236819D0B}.Ad-Hoc|iPhoneSimulator.ActiveCfg = Release|Any CPU
		{7F9D2144-68F8-484C-B6BC-23F236819D0B}.Ad-Hoc|iPhoneSimulator.Build.0 = Release|Any CPU
		{7F9D2144-68F8-484C-B6BC-23F236819D0B}.Ad-Hoc|iPhoneSimulator.Deploy.0 = Release|Any CPU
		{7F9D2144-68F8-484C-B6BC-23F236819D0B}.Ad-Hoc|x64.ActiveCfg = Release|x64
		{7F9D2144-68F8-484C-B6BC-23F236819D0B}.Ad-Hoc|x64.Build.0 = Release|x64
		{7F9D2144-68F8-484C-B6BC-23F236819D0B}.Ad-Hoc|x64.Deploy.0 = Release|x64
		{7F9D2144-68F8-484C-B6BC-23F236819D0B}.Ad-Hoc|x86.ActiveCfg = Release|x86
		{7F9D2144-68F8-484C-B6BC-23F236819D0B}.Ad-Hoc|x86.Build.0 = Release|x86
		{7F9D2144-68F8-484C-B6BC-23F236819D0B}.Ad-Hoc|x86.Deploy.0 = Release|x86
		{7F9D2144-68F8-484C-B6BC-23F236819D0B}.AppStore|Any CPU.ActiveCfg = Release|Any CPU
		{7F9D2144-68F8-484C-B6BC-23F236819D0B}.AppStore|Any CPU.Build.0 = Release|Any CPU
		{7F9D2144-68F8-484C-B6BC-23F236819D0B}.AppStore|Any CPU.Deploy.0 = Release|Any CPU
		{7F9D2144-68F8-484C-B6BC-23F236819D0B}.AppStore|ARM.ActiveCfg = Release|ARM
		{7F9D2144-68F8-484C-B6BC-23F236819D0B}.AppStore|ARM.Build.0 = Release|ARM
		{7F9D2144-68F8-484C-B6BC-23F236819D0B}.AppStore|ARM.Deploy.0 = Release|ARM
		{7F9D2144-68F8-484C-B6BC-23F236819D0B}.AppStore|iPhone.ActiveCfg = Release|Any CPU
		{7F9D2144-68F8-484C-B6BC-23F236819D0B}.AppStore|iPhone.Build.0 = Release|Any CPU
		{7F9D2144-68F8-484C-B6BC-23F236819D0B}.AppStore|iPhone.Deploy.0 = Release|Any CPU
		{7F9D2144-68F8-484C-B6BC-23F236819D0B}.AppStore|iPhoneSimulator.ActiveCfg = Release|Any CPU
		{7F9D2144-68F8-484C-B6BC-23F236819D0B}.AppStore|iPhoneSimulator.Build.0 = Release|Any CPU
		{7F9D2144-68F8-484C-B6BC-23F236819D0B}.AppStore|iPhoneSimulator.Deploy.0 = Release|Any CPU
		{7F9D2144-68F8-484C-B6BC-23F236819D0B}.AppStore|x64.ActiveCfg = Release|x64
		{7F9D2144-68F8-484C-B6BC-23F236819D0B}.AppStore|x64.Build.0 = Release|x64
		{7F9D2144-68F8-484C-B6BC-23F236819D0B}.AppStore|x64.Deploy.0 = Release|x64
		{7F9D2144-68F8-484C-B6BC-23F236819D0B}.AppStore|x86.ActiveCfg = Release|x86
		{7F9D2144-68F8-484C-B6BC-23F236819D0B}.AppStore|x86.Build.0 = Release|x86
		{7F9D2144-68F8-484C-B6BC-23F236819D0B}.AppStore|x86.Deploy.0 = Release|x86
		{7F9D2144-68F8-484C-B6BC-23F236819D0B}.Debug|Any CPU.ActiveCfg = Debug|Any CPU
		{7F9D2144-68F8-484C-B6BC-23F236819D0B}.Debug|Any CPU.Build.0 = Debug|Any CPU
		{7F9D2144-68F8-484C-B6BC-23F236819D0B}.Debug|Any CPU.Deploy.0 = Debug|Any CPU
		{7F9D2144-68F8-484C-B6BC-23F236819D0B}.Debug|ARM.ActiveCfg = Debug|ARM
		{7F9D2144-68F8-484C-B6BC-23F236819D0B}.Debug|ARM.Build.0 = Debug|ARM
		{7F9D2144-68F8-484C-B6BC-23F236819D0B}.Debug|ARM.Deploy.0 = Debug|ARM
		{7F9D2144-68F8-484C-B6BC-23F236819D0B}.Debug|iPhone.ActiveCfg = Debug|Any CPU
		{7F9D2144-68F8-484C-B6BC-23F236819D0B}.Debug|iPhone.Build.0 = Debug|Any CPU
		{7F9D2144-68F8-484C-B6BC-23F236819D0B}.Debug|iPhone.Deploy.0 = Debug|Any CPU
		{7F9D2144-68F8-484C-B6BC-23F236819D0B}.Debug|iPhoneSimulator.ActiveCfg = Debug|Any CPU
		{7F9D2144-68F8-484C-B6BC-23F236819D0B}.Debug|iPhoneSimulator.Build.0 = Debug|Any CPU
		{7F9D2144-68F8-484C-B6BC-23F236819D0B}.Debug|iPhoneSimulator.Deploy.0 = Debug|Any CPU
		{7F9D2144-68F8-484C-B6BC-23F236819D0B}.Debug|x64.ActiveCfg = Debug|x64
		{7F9D2144-68F8-484C-B6BC-23F236819D0B}.Debug|x64.Build.0 = Debug|x64
		{7F9D2144-68F8-484C-B6BC-23F236819D0B}.Debug|x64.Deploy.0 = Debug|x64
		{7F9D2144-68F8-484C-B6BC-23F236819D0B}.Debug|x86.ActiveCfg = Debug|x86
		{7F9D2144-68F8-484C-B6BC-23F236819D0B}.Debug|x86.Build.0 = Debug|x86
		{7F9D2144-68F8-484C-B6BC-23F236819D0B}.Debug|x86.Deploy.0 = Debug|x86
		{7F9D2144-68F8-484C-B6BC-23F236819D0B}.Release|Any CPU.ActiveCfg = Release|Any CPU
		{7F9D2144-68F8-484C-B6BC-23F236819D0B}.Release|Any CPU.Build.0 = Release|Any CPU
		{7F9D2144-68F8-484C-B6BC-23F236819D0B}.Release|Any CPU.Deploy.0 = Release|Any CPU
		{7F9D2144-68F8-484C-B6BC-23F236819D0B}.Release|ARM.ActiveCfg = Release|ARM
		{7F9D2144-68F8-484C-B6BC-23F236819D0B}.Release|ARM.Build.0 = Release|ARM
		{7F9D2144-68F8-484C-B6BC-23F236819D0B}.Release|ARM.Deploy.0 = Release|ARM
		{7F9D2144-68F8-484C-B6BC-23F236819D0B}.Release|iPhone.ActiveCfg = Release|Any CPU
		{7F9D2144-68F8-484C-B6BC-23F236819D0B}.Release|iPhone.Build.0 = Release|Any CPU
		{7F9D2144-68F8-484C-B6BC-23F236819D0B}.Release|iPhone.Deploy.0 = Release|Any CPU
		{7F9D2144-68F8-484C-B6BC-23F236819D0B}.Release|iPhoneSimulator.ActiveCfg = Release|Any CPU
		{7F9D2144-68F8-484C-B6BC-23F236819D0B}.Release|iPhoneSimulator.Build.0 = Release|Any CPU
		{7F9D2144-68F8-484C-B6BC-23F236819D0B}.Release|iPhoneSimulator.Deploy.0 = Release|Any CPU
		{7F9D2144-68F8-484C-B6BC-23F236819D0B}.Release|x64.ActiveCfg = Release|x64
		{7F9D2144-68F8-484C-B6BC-23F236819D0B}.Release|x64.Build.0 = Release|x64
		{7F9D2144-68F8-484C-B6BC-23F236819D0B}.Release|x64.Deploy.0 = Release|x64
		{7F9D2144-68F8-484C-B6BC-23F236819D0B}.Release|x86.ActiveCfg = Release|x86
		{7F9D2144-68F8-484C-B6BC-23F236819D0B}.Release|x86.Build.0 = Release|x86
		{7F9D2144-68F8-484C-B6BC-23F236819D0B}.Release|x86.Deploy.0 = Release|x86
		{C8B539A8-D58F-4C75-8195-4BF897825FEF}.Ad-Hoc|Any CPU.ActiveCfg = Release|Any CPU
		{C8B539A8-D58F-4C75-8195-4BF897825FEF}.Ad-Hoc|Any CPU.Build.0 = Release|Any CPU
		{C8B539A8-D58F-4C75-8195-4BF897825FEF}.Ad-Hoc|ARM.ActiveCfg = Release|Any CPU
		{C8B539A8-D58F-4C75-8195-4BF897825FEF}.Ad-Hoc|ARM.Build.0 = Release|Any CPU
		{C8B539A8-D58F-4C75-8195-4BF897825FEF}.Ad-Hoc|iPhone.ActiveCfg = Release|Any CPU
		{C8B539A8-D58F-4C75-8195-4BF897825FEF}.Ad-Hoc|iPhone.Build.0 = Release|Any CPU
		{C8B539A8-D58F-4C75-8195-4BF897825FEF}.Ad-Hoc|iPhoneSimulator.ActiveCfg = Release|Any CPU
		{C8B539A8-D58F-4C75-8195-4BF897825FEF}.Ad-Hoc|iPhoneSimulator.Build.0 = Release|Any CPU
		{C8B539A8-D58F-4C75-8195-4BF897825FEF}.Ad-Hoc|x64.ActiveCfg = Release|Any CPU
		{C8B539A8-D58F-4C75-8195-4BF897825FEF}.Ad-Hoc|x64.Build.0 = Release|Any CPU
		{C8B539A8-D58F-4C75-8195-4BF897825FEF}.Ad-Hoc|x86.ActiveCfg = Release|Any CPU
		{C8B539A8-D58F-4C75-8195-4BF897825FEF}.Ad-Hoc|x86.Build.0 = Release|Any CPU
		{C8B539A8-D58F-4C75-8195-4BF897825FEF}.AppStore|Any CPU.ActiveCfg = Release|Any CPU
		{C8B539A8-D58F-4C75-8195-4BF897825FEF}.AppStore|Any CPU.Build.0 = Release|Any CPU
		{C8B539A8-D58F-4C75-8195-4BF897825FEF}.AppStore|ARM.ActiveCfg = Release|Any CPU
		{C8B539A8-D58F-4C75-8195-4BF897825FEF}.AppStore|ARM.Build.0 = Release|Any CPU
		{C8B539A8-D58F-4C75-8195-4BF897825FEF}.AppStore|iPhone.ActiveCfg = Release|Any CPU
		{C8B539A8-D58F-4C75-8195-4BF897825FEF}.AppStore|iPhone.Build.0 = Release|Any CPU
		{C8B539A8-D58F-4C75-8195-4BF897825FEF}.AppStore|iPhoneSimulator.ActiveCfg = Release|Any CPU
		{C8B539A8-D58F-4C75-8195-4BF897825FEF}.AppStore|iPhoneSimulator.Build.0 = Release|Any CPU
		{C8B539A8-D58F-4C75-8195-4BF897825FEF}.AppStore|x64.ActiveCfg = Release|Any CPU
		{C8B539A8-D58F-4C75-8195-4BF897825FEF}.AppStore|x64.Build.0 = Release|Any CPU
		{C8B539A8-D58F-4C75-8195-4BF897825FEF}.AppStore|x86.ActiveCfg = Release|Any CPU
		{C8B539A8-D58F-4C75-8195-4BF897825FEF}.AppStore|x86.Build.0 = Release|Any CPU
		{C8B539A8-D58F-4C75-8195-4BF897825FEF}.Debug|Any CPU.ActiveCfg = Debug|Any CPU
		{C8B539A8-D58F-4C75-8195-4BF897825FEF}.Debug|Any CPU.Build.0 = Debug|Any CPU
		{C8B539A8-D58F-4C75-8195-4BF897825FEF}.Debug|ARM.ActiveCfg = Debug|Any CPU
		{C8B539A8-D58F-4C75-8195-4BF897825FEF}.Debug|ARM.Build.0 = Debug|Any CPU
		{C8B539A8-D58F-4C75-8195-4BF897825FEF}.Debug|iPhone.ActiveCfg = Debug|Any CPU
		{C8B539A8-D58F-4C75-8195-4BF897825FEF}.Debug|iPhone.Build.0 = Debug|Any CPU
		{C8B539A8-D58F-4C75-8195-4BF897825FEF}.Debug|iPhoneSimulator.ActiveCfg = Debug|Any CPU
		{C8B539A8-D58F-4C75-8195-4BF897825FEF}.Debug|iPhoneSimulator.Build.0 = Debug|Any CPU
		{C8B539A8-D58F-4C75-8195-4BF897825FEF}.Debug|x64.ActiveCfg = Debug|Any CPU
		{C8B539A8-D58F-4C75-8195-4BF897825FEF}.Debug|x64.Build.0 = Debug|Any CPU
		{C8B539A8-D58F-4C75-8195-4BF897825FEF}.Debug|x86.ActiveCfg = Debug|Any CPU
		{C8B539A8-D58F-4C75-8195-4BF897825FEF}.Debug|x86.Build.0 = Debug|Any CPU
		{C8B539A8-D58F-4C75-8195-4BF897825FEF}.Release|Any CPU.ActiveCfg = Release|Any CPU
		{C8B539A8-D58F-4C75-8195-4BF897825FEF}.Release|Any CPU.Build.0 = Release|Any CPU
		{C8B539A8-D58F-4C75-8195-4BF897825FEF}.Release|ARM.ActiveCfg = Release|Any CPU
		{C8B539A8-D58F-4C75-8195-4BF897825FEF}.Release|ARM.Build.0 = Release|Any CPU
		{C8B539A8-D58F-4C75-8195-4BF897825FEF}.Release|iPhone.ActiveCfg = Release|Any CPU
		{C8B539A8-D58F-4C75-8195-4BF897825FEF}.Release|iPhone.Build.0 = Release|Any CPU
		{C8B539A8-D58F-4C75-8195-4BF897825FEF}.Release|iPhoneSimulator.ActiveCfg = Release|Any CPU
		{C8B539A8-D58F-4C75-8195-4BF897825FEF}.Release|iPhoneSimulator.Build.0 = Release|Any CPU
		{C8B539A8-D58F-4C75-8195-4BF897825FEF}.Release|x64.ActiveCfg = Release|Any CPU
		{C8B539A8-D58F-4C75-8195-4BF897825FEF}.Release|x64.Build.0 = Release|Any CPU
		{C8B539A8-D58F-4C75-8195-4BF897825FEF}.Release|x86.ActiveCfg = Release|Any CPU
		{C8B539A8-D58F-4C75-8195-4BF897825FEF}.Release|x86.Build.0 = Release|Any CPU
	EndGlobalSection
	GlobalSection(SolutionProperties) = preSolution
		HideSolutionNode = FALSE
	EndGlobalSection
EndGlobal
